// !$*UTF8*$!
{
	archiveVersion = 1;
	classes = {
	};
	objectVersion = 50;
	objects = {

/* Begin PBXBuildFile section */
		B5B9E4C926B1552B003C6987 /* TabBarController.swift in Sources */ = {isa = PBXBuildFile; fileRef = B5B9E4C826B1552B003C6987 /* TabBarController.swift */; };
		B5C498DE26B0469C0071945E /* AppDelegate.swift in Sources */ = {isa = PBXBuildFile; fileRef = B5C498DD26B0469C0071945E /* AppDelegate.swift */; };
		B5C498E026B0469C0071945E /* SceneDelegate.swift in Sources */ = {isa = PBXBuildFile; fileRef = B5C498DF26B0469C0071945E /* SceneDelegate.swift */; };
		B5C498E226B0469C0071945E /* InfoViewController.swift in Sources */ = {isa = PBXBuildFile; fileRef = B5C498E126B0469C0071945E /* InfoViewController.swift */; };
		B5C498E526B0469C0071945E /* Main.storyboard in Resources */ = {isa = PBXBuildFile; fileRef = B5C498E326B0469C0071945E /* Main.storyboard */; };
		B5C498E726B0469F0071945E /* Assets.xcassets in Resources */ = {isa = PBXBuildFile; fileRef = B5C498E626B0469F0071945E /* Assets.xcassets */; };
		B5C498EA26B0469F0071945E /* LaunchScreen.storyboard in Resources */ = {isa = PBXBuildFile; fileRef = B5C498E826B0469F0071945E /* LaunchScreen.storyboard */; };
		B5C498F426B048E30071945E /* MainTableViewController.swift in Sources */ = {isa = PBXBuildFile; fileRef = B5C498F326B048E30071945E /* MainTableViewController.swift */; };
		B5C498F726B049220071945E /* DirectoryTableViewController.swift in Sources */ = {isa = PBXBuildFile; fileRef = B5C498F626B049220071945E /* DirectoryTableViewController.swift */; };
		B5C498FC26B12F380071945E /* DataManager.swift in Sources */ = {isa = PBXBuildFile; fileRef = B5C498FB26B12F380071945E /* DataManager.swift */; };
		B5C498FF26B12FA30071945E /* Person.swift in Sources */ = {isa = PBXBuildFile; fileRef = B5C498FE26B12FA30071945E /* Person.swift */; };
/* End PBXBuildFile section */

/* Begin PBXFileReference section */
		B5B9E4C826B1552B003C6987 /* TabBarController.swift */ = {isa = PBXFileReference; lastKnownFileType = sourcecode.swift; path = TabBarController.swift; sourceTree = "<group>"; };
		B5C498DA26B0469C0071945E /* HomeWorkProject_2.7.app */ = {isa = PBXFileReference; explicitFileType = wrapper.application; includeInIndex = 0; path = HomeWorkProject_2.7.app; sourceTree = BUILT_PRODUCTS_DIR; };
		B5C498DD26B0469C0071945E /* AppDelegate.swift */ = {isa = PBXFileReference; lastKnownFileType = sourcecode.swift; path = AppDelegate.swift; sourceTree = "<group>"; };
		B5C498DF26B0469C0071945E /* SceneDelegate.swift */ = {isa = PBXFileReference; lastKnownFileType = sourcecode.swift; path = SceneDelegate.swift; sourceTree = "<group>"; };
		B5C498E126B0469C0071945E /* InfoViewController.swift */ = {isa = PBXFileReference; lastKnownFileType = sourcecode.swift; path = InfoViewController.swift; sourceTree = "<group>"; };
		B5C498E426B0469C0071945E /* Base */ = {isa = PBXFileReference; lastKnownFileType = file.storyboard; name = Base; path = Base.lproj/Main.storyboard; sourceTree = "<group>"; };
		B5C498E626B0469F0071945E /* Assets.xcassets */ = {isa = PBXFileReference; lastKnownFileType = folder.assetcatalog; path = Assets.xcassets; sourceTree = "<group>"; };
		B5C498E926B0469F0071945E /* Base */ = {isa = PBXFileReference; lastKnownFileType = file.storyboard; name = Base; path = Base.lproj/LaunchScreen.storyboard; sourceTree = "<group>"; };
		B5C498EB26B0469F0071945E /* Info.plist */ = {isa = PBXFileReference; lastKnownFileType = text.plist.xml; path = Info.plist; sourceTree = "<group>"; };
		B5C498F326B048E30071945E /* MainTableViewController.swift */ = {isa = PBXFileReference; lastKnownFileType = sourcecode.swift; path = MainTableViewController.swift; sourceTree = "<group>"; };
		B5C498F626B049220071945E /* DirectoryTableViewController.swift */ = {isa = PBXFileReference; lastKnownFileType = sourcecode.swift; path = DirectoryTableViewController.swift; sourceTree = "<group>"; };
		B5C498FB26B12F380071945E /* DataManager.swift */ = {isa = PBXFileReference; lastKnownFileType = sourcecode.swift; path = DataManager.swift; sourceTree = "<group>"; };
		B5C498FE26B12FA30071945E /* Person.swift */ = {isa = PBXFileReference; lastKnownFileType = sourcecode.swift; path = Person.swift; sourceTree = "<group>"; };
/* End PBXFileReference section */

/* Begin PBXFrameworksBuildPhase section */
		B5C498D726B0469C0071945E /* Frameworks */ = {
			isa = PBXFrameworksBuildPhase;
			buildActionMask = 2147483647;
			files = (
			);
			runOnlyForDeploymentPostprocessing = 0;
		};
/* End PBXFrameworksBuildPhase section */

/* Begin PBXGroup section */
		B5C498D126B0469C0071945E = {
			isa = PBXGroup;
			children = (
				B5C498DC26B0469C0071945E /* HomeWorkProject_2.7 */,
				B5C498DB26B0469C0071945E /* Products */,
			);
			sourceTree = "<group>";
		};
		B5C498DB26B0469C0071945E /* Products */ = {
			isa = PBXGroup;
			children = (
				B5C498DA26B0469C0071945E /* HomeWorkProject_2.7.app */,
			);
			name = Products;
			sourceTree = "<group>";
		};
		B5C498DC26B0469C0071945E /* HomeWorkProject_2.7 */ = {
			isa = PBXGroup;
			children = (
				B5C4990426B134080071945E /* Storyboards */,
				B5C4990126B133E00071945E /* View Controllers */,
				B5C4990326B133F10071945E /* Support files */,
				B5C498DD26B0469C0071945E /* AppDelegate.swift */,
				B5C498DF26B0469C0071945E /* SceneDelegate.swift */,
				B5C498E626B0469F0071945E /* Assets.xcassets */,
				B5C498EB26B0469F0071945E /* Info.plist */,
			);
			path = HomeWorkProject_2.7;
			sourceTree = "<group>";
		};
		B5C4990126B133E00071945E /* View Controllers */ = {
			isa = PBXGroup;
			children = (
				B5B9E4C826B1552B003C6987 /* TabBarController.swift */,
				B5C498F326B048E30071945E /* MainTableViewController.swift */,
				B5C498E126B0469C0071945E /* InfoViewController.swift */,
				B5C498F626B049220071945E /* DirectoryTableViewController.swift */,
			);
			path = "View Controllers";
			sourceTree = "<group>";
		};
		B5C4990326B133F10071945E /* Support files */ = {
			isa = PBXGroup;
			children = (
				B5C498FB26B12F380071945E /* DataManager.swift */,
				B5C498FE26B12FA30071945E /* Person.swift */,
			);
			path = "Support files";
			sourceTree = "<group>";
		};
		B5C4990426B134080071945E /* Storyboards */ = {
			isa = PBXGroup;
			children = (
				B5C498E326B0469C0071945E /* Main.storyboard */,
				B5C498E826B0469F0071945E /* LaunchScreen.storyboard */,
			);
			path = Storyboards;
			sourceTree = "<group>";
		};
/* End PBXGroup section */

/* Begin PBXNativeTarget section */
		B5C498D926B0469C0071945E /* HomeWorkProject_2.7 */ = {
			isa = PBXNativeTarget;
			buildConfigurationList = B5C498EE26B0469F0071945E /* Build configuration list for PBXNativeTarget "HomeWorkProject_2.7" */;
			buildPhases = (
				B5C498D626B0469C0071945E /* Sources */,
				B5C498D726B0469C0071945E /* Frameworks */,
				B5C498D826B0469C0071945E /* Resources */,
			);
			buildRules = (
			);
			dependencies = (
			);
			name = HomeWorkProject_2.7;
			productName = HomeWorkProject_2.7;
			productReference = B5C498DA26B0469C0071945E /* HomeWorkProject_2.7.app */;
			productType = "com.apple.product-type.application";
		};
/* End PBXNativeTarget section */

/* Begin PBXProject section */
		B5C498D226B0469C0071945E /* Project object */ = {
			isa = PBXProject;
			attributes = {
				LastSwiftUpdateCheck = 1240;
				LastUpgradeCheck = 1240;
				TargetAttributes = {
					B5C498D926B0469C0071945E = {
						CreatedOnToolsVersion = 12.4;
					};
				};
			};
			buildConfigurationList = B5C498D526B0469C0071945E /* Build configuration list for PBXProject "HomeWorkProject_2.7" */;
			compatibilityVersion = "Xcode 9.3";
			developmentRegion = en;
			hasScannedForEncodings = 0;
			knownRegions = (
				en,
				Base,
			);
			mainGroup = B5C498D126B0469C0071945E;
			productRefGroup = B5C498DB26B0469C0071945E /* Products */;
			projectDirPath = "";
			projectRoot = "";
			targets = (
				B5C498D926B0469C0071945E /* HomeWorkProject_2.7 */,
			);
		};
/* End PBXProject section */

/* Begin PBXResourcesBuildPhase section */
		B5C498D826B0469C0071945E /* Resources */ = {
			isa = PBXResourcesBuildPhase;
			buildActionMask = 2147483647;
			files = (
				B5C498EA26B0469F0071945E /* LaunchScreen.storyboard in Resources */,
				B5C498E726B0469F0071945E /* Assets.xcassets in Resources */,
				B5C498E526B0469C0071945E /* Main.storyboard in Resources */,
			);
			runOnlyForDeploymentPostprocessing = 0;
		};
/* End PBXResourcesBuildPhase section */

/* Begin PBXSourcesBuildPhase section */
		B5C498D626B0469C0071945E /* Sources */ = {
			isa = PBXSourcesBuildPhase;
			buildActionMask = 2147483647;
			files = (
				B5C498FF26B12FA30071945E /* Person.swift in Sources */,
				B5B9E4C926B1552B003C6987 /* TabBarController.swift in Sources */,
				B5C498F426B048E30071945E /* MainTableViewController.swift in Sources */,
				B5C498FC26B12F380071945E /* DataManager.swift in Sources */,
				B5C498F726B049220071945E /* DirectoryTableViewController.swift in Sources */,
				B5C498E226B0469C0071945E /* InfoViewController.swift in Sources */,
				B5C498DE26B0469C0071945E /* AppDelegate.swift in Sources */,
				B5C498E026B0469C0071945E /* SceneDelegate.swift in Sources */,
			);
			runOnlyForDeploymentPostprocessing = 0;
		};
/* End PBXSourcesBuildPhase section */

/* Begin PBXVariantGroup section */
		B5C498E326B0469C0071945E /* Main.storyboard */ = {
			isa = PBXVariantGroup;
			children = (
				B5C498E426B0469C0071945E /* Base */,
			);
			name = Main.storyboard;
			sourceTree = "<group>";
		};
		B5C498E826B0469F0071945E /* LaunchScreen.storyboard */ = {
			isa = PBXVariantGroup;
			children = (
				B5C498E926B0469F0071945E /* Base */,
			);
			name = LaunchScreen.storyboard;
			sourceTree = "<group>";
		};
/* End PBXVariantGroup section */

/* Begin XCBuildConfiguration section */
		B5C498EC26B0469F0071945E /* Debug */ = {
			isa = XCBuildConfiguration;
			buildSettings = {
				ALWAYS_SEARCH_USER_PATHS = NO;
				CLANG_ANALYZER_NONNULL = YES;
				CLANG_ANALYZER_NUMBER_OBJECT_CONVERSION = YES_AGGRESSIVE;
				CLANG_CXX_LANGUAGE_STANDARD = "gnu++14";
				CLANG_CXX_LIBRARY = "libc++";
				CLANG_ENABLE_MODULES = YES;
				CLANG_ENABLE_OBJC_ARC = YES;
				CLANG_ENABLE_OBJC_WEAK = YES;
				CLANG_WARN_BLOCK_CAPTURE_AUTORELEASING = YES;
				CLANG_WARN_BOOL_CONVERSION = YES;
				CLANG_WARN_COMMA = YES;
				CLANG_WARN_CONSTANT_CONVERSION = YES;
				CLANG_WARN_DEPRECATED_OBJC_IMPLEMENTATIONS = YES;
				CLANG_WARN_DIRECT_OBJC_ISA_USAGE = YES_ERROR;
				CLANG_WARN_DOCUMENTATION_COMMENTS = YES;
				CLANG_WARN_EMPTY_BODY = YES;
				CLANG_WARN_ENUM_CONVERSION = YES;
				CLANG_WARN_INFINITE_RECURSION = YES;
				CLANG_WARN_INT_CONVERSION = YES;
				CLANG_WARN_NON_LITERAL_NULL_CONVERSION = YES;
				CLANG_WARN_OBJC_IMPLICIT_RETAIN_SELF = YES;
				CLANG_WARN_OBJC_LITERAL_CONVERSION = YES;
				CLANG_WARN_OBJC_ROOT_CLASS = YES_ERROR;
				CLANG_WARN_QUOTED_INCLUDE_IN_FRAMEWORK_HEADER = YES;
				CLANG_WARN_RANGE_LOOP_ANALYSIS = YES;
				CLANG_WARN_STRICT_PROTOTYPES = YES;
				CLANG_WARN_SUSPICIOUS_MOVE = YES;
				CLANG_WARN_UNGUARDED_AVAILABILITY = YES_AGGRESSIVE;
				CLANG_WARN_UNREACHABLE_CODE = YES;
				CLANG_WARN__DUPLICATE_METHOD_MATCH = YES;
				COPY_PHASE_STRIP = NO;
				DEBUG_INFORMATION_FORMAT = dwarf;
				ENABLE_STRICT_OBJC_MSGSEND = YES;
				ENABLE_TESTABILITY = YES;
				GCC_C_LANGUAGE_STANDARD = gnu11;
				GCC_DYNAMIC_NO_PIC = NO;
				GCC_NO_COMMON_BLOCKS = YES;
				GCC_OPTIMIZATION_LEVEL = 0;
				GCC_PREPROCESSOR_DEFINITIONS = (
					"DEBUG=1",
					"$(inherited)",
				);
				GCC_WARN_64_TO_32_BIT_CONVERSION = YES;
				GCC_WARN_ABOUT_RETURN_TYPE = YES_ERROR;
				GCC_WARN_UNDECLARED_SELECTOR = YES;
				GCC_WARN_UNINITIALIZED_AUTOS = YES_AGGRESSIVE;
				GCC_WARN_UNUSED_FUNCTION = YES;
				GCC_WARN_UNUSED_VARIABLE = YES;
				IPHONEOS_DEPLOYMENT_TARGET = 14.4;
				MTL_ENABLE_DEBUG_INFO = INCLUDE_SOURCE;
				MTL_FAST_MATH = YES;
				ONLY_ACTIVE_ARCH = YES;
				SDKROOT = iphoneos;
				SWIFT_ACTIVE_COMPILATION_CONDITIONS = DEBUG;
				SWIFT_OPTIMIZATION_LEVEL = "-Onone";
			};
			name = Debug;
		};
		B5C498ED26B0469F0071945E /* Release */ = {
			isa = XCBuildConfiguration;
			buildSettings = {
				ALWAYS_SEARCH_USER_PATHS = NO;
				CLANG_ANALYZER_NONNULL = YES;
				CLANG_ANALYZER_NUMBER_OBJECT_CONVERSION = YES_AGGRESSIVE;
				CLANG_CXX_LANGUAGE_STANDARD = "gnu++14";
				CLANG_CXX_LIBRARY = "libc++";
				CLANG_ENABLE_MODULES = YES;
				CLANG_ENABLE_OBJC_ARC = YES;
				CLANG_ENABLE_OBJC_WEAK = YES;
				CLANG_WARN_BLOCK_CAPTURE_AUTORELEASING = YES;
				CLANG_WARN_BOOL_CONVERSION = YES;
				CLANG_WARN_COMMA = YES;
				CLANG_WARN_CONSTANT_CONVERSION = YES;
				CLANG_WARN_DEPRECATED_OBJC_IMPLEMENTATIONS = YES;
				CLANG_WARN_DIRECT_OBJC_ISA_USAGE = YES_ERROR;
				CLANG_WARN_DOCUMENTATION_COMMENTS = YES;
				CLANG_WARN_EMPTY_BODY = YES;
				CLANG_WARN_ENUM_CONVERSION = YES;
				CLANG_WARN_INFINITE_RECURSION = YES;
				CLANG_WARN_INT_CONVERSION = YES;
				CLANG_WARN_NON_LITERAL_NULL_CONVERSION = YES;
				CLANG_WARN_OBJC_IMPLICIT_RETAIN_SELF = YES;
				CLANG_WARN_OBJC_LITERAL_CONVERSION = YES;
				CLANG_WARN_OBJC_ROOT_CLASS = YES_ERROR;
				CLANG_WARN_QUOTED_INCLUDE_IN_FRAMEWORK_HEADER = YES;
				CLANG_WARN_RANGE_LOOP_ANALYSIS = YES;
				CLANG_WARN_STRICT_PROTOTYPES = YES;
				CLANG_WARN_SUSPICIOUS_MOVE = YES;
				CLANG_WARN_UNGUARDED_AVAILABILITY = YES_AGGRESSIVE;
				CLANG_WARN_UNREACHABLE_CODE = YES;
				CLANG_WARN__DUPLICATE_METHOD_MATCH = YES;
				COPY_PHASE_STRIP = NO;
				DEBUG_INFORMATION_FORMAT = "dwarf-with-dsym";
				ENABLE_NS_ASSERTIONS = NO;
				ENABLE_STRICT_OBJC_MSGSEND = YES;
				GCC_C_LANGUAGE_STANDARD = gnu11;
				GCC_NO_COMMON_BLOCKS = YES;
				GCC_WARN_64_TO_32_BIT_CONVERSION = YES;
				GCC_WARN_ABOUT_RETURN_TYPE = YES_ERROR;
				GCC_WARN_UNDECLARED_SELECTOR = YES;
				GCC_WARN_UNINITIALIZED_AUTOS = YES_AGGRESSIVE;
				GCC_WARN_UNUSED_FUNCTION = YES;
				GCC_WARN_UNUSED_VARIABLE = YES;
				IPHONEOS_DEPLOYMENT_TARGET = 14.4;
				MTL_ENABLE_DEBUG_INFO = NO;
				MTL_FAST_MATH = YES;
				SDKROOT = iphoneos;
				SWIFT_COMPILATION_MODE = wholemodule;
				SWIFT_OPTIMIZATION_LEVEL = "-O";
				VALIDATE_PRODUCT = YES;
			};
			name = Release;
		};
		B5C498EF26B0469F0071945E /* Debug */ = {
			isa = XCBuildConfiguration;
			buildSettings = {
				ASSETCATALOG_COMPILER_APPICON_NAME = AppIcon;
				ASSETCATALOG_COMPILER_GLOBAL_ACCENT_COLOR_NAME = AccentColor;
				CODE_SIGN_STYLE = Automatic;
				DEVELOPMENT_TEAM = WV9SZ4237Z;
				INFOPLIST_FILE = HomeWorkProject_2.7/Info.plist;
				LD_RUNPATH_SEARCH_PATHS = (
					"$(inherited)",
					"@executable_path/Frameworks",
				);
				PRODUCT_BUNDLE_IDENTIFIER = "MaximGoryachkin.HomeWorkProject-2-7";
				PRODUCT_NAME = "$(TARGET_NAME)";
				SWIFT_VERSION = 5.0;
				TARGETED_DEVICE_FAMILY = "1,2";
			};
			name = Debug;
		};
		B5C498F026B0469F0071945E /* Release */ = {
			isa = XCBuildConfiguration;
			buildSettings = {
				ASSETCATALOG_COMPILER_APPICON_NAME = AppIcon;
				ASSETCATALOG_COMPILER_GLOBAL_ACCENT_COLOR_NAME = AccentColor;
				CODE_SIGN_STYLE = Automatic;
				DEVELOPMENT_TEAM = WV9SZ4237Z;
				INFOPLIST_FILE = HomeWorkProject_2.7/Info.plist;
				LD_RUNPATH_SEARCH_PATHS = (
					"$(inherited)",
					"@executable_path/Frameworks",
				);
				PRODUCT_BUNDLE_IDENTIFIER = "MaximGoryachkin.HomeWorkProject-2-7";
				PRODUCT_NAME = "$(TARGET_NAME)";
				SWIFT_VERSION = 5.0;
				TARGETED_DEVICE_FAMILY = "1,2";
			};
			name = Release;
		};
/* End XCBuildConfiguration section */

/* Begin XCConfigurationList section */
		B5C498D526B0469C0071945E /* Build configuration list for PBXProject "HomeWorkProject_2.7" */ = {
			isa = XCConfigurationList;
			buildConfigurations = (
				B5C498EC26B0469F0071945E /* Debug */,
				B5C498ED26B0469F0071945E /* Release */,
			);
			defaultConfigurationIsVisible = 0;
			defaultConfigurationName = Release;
		};
		B5C498EE26B0469F0071945E /* Build configuration list for PBXNativeTarget "HomeWorkProject_2.7" */ = {
			isa = XCConfigurationList;
			buildConfigurations = (
				B5C498EF26B0469F0071945E /* Debug */,
				B5C498F026B0469F0071945E /* Release */,
			);
			defaultConfigurationIsVisible = 0;
			defaultConfigurationName = Release;
		};
/* End XCConfigurationList section */
	};
	rootObject = B5C498D226B0469C0071945E /* Project object */;
}
